
Microsoft Visual Studio Solution File, Format Version 12.00
# Visual Studio Version 16
VisualStudioVersion = 16.0.31729.503
MinimumVisualStudioVersion = 10.0.40219.1
Project("{FAE04EC0-301F-11D3-BF4B-00C04F79EFBC}") = "eCommerce videojuegos", "eCommerce videojuegos\eCommerce videojuegos.csproj", "{A62ECD29-1F9F-4943-9B7A-EE29DC5DBF24}"
EndProject
Global
	GlobalSection(SolutionConfigurationPlatforms) = preSolution
		Debug|Any CPU = Debug|Any CPU
		Release|Any CPU = Release|Any CPU
	EndGlobalSection
	GlobalSection(ProjectConfigurationPlatforms) = postSolution
		{A62ECD29-1F9F-4943-9B7A-EE29DC5DBF24}.Debug|Any CPU.ActiveCfg = Debug|Any CPU
		{A62ECD29-1F9F-4943-9B7A-EE29DC5DBF24}.Debug|Any CPU.Build.0 = Debug|Any CPU
		{A62ECD29-1F9F-4943-9B7A-EE29DC5DBF24}.Release|Any CPU.ActiveCfg = Release|Any CPU
		{A62ECD29-1F9F-4943-9B7A-EE29DC5DBF24}.Release|Any CPU.Build.0 = Release|Any CPU
	EndGlobalSection
	GlobalSection(SolutionProperties) = preSolution
		HideSolutionNode = FALSE
	EndGlobalSection
	GlobalSection(ExtensibilityGlobals) = postSolution
		SolutionGuid = {0009C288-B348-48DC-9A4D-62D8B551550C}
	EndGlobalSection
EndGlobal
